{
  "nodes": {
    "home-manager": {
      "inputs": {
        "nixpkgs": "nixpkgs"
      },
      "locked": {
        "lastModified": 1695984718,
        "narHash": "sha256-LQwKgaaaFOkIcxarf0xQXeDJFwZ5BZWcgmPeo3xp2CM=",
        "owner": "nix-community",
        "repo": "home-manager",
        "rev": "4f02e35f9d150573e1a710afa338846c2f6d850c",
        "type": "github"
      },
      "original": {
        "owner": "nix-community",
        "repo": "home-manager",
        "type": "github"
      }
    },
    "nixpkgs": {
      "locked": {
        "lastModified": 1695360818,
        "narHash": "sha256-JlkN3R/SSoMTa+CasbxS1gq+GpGxXQlNZRUh9+LIy/0=",
        "owner": "NixOS",
        "repo": "nixpkgs",
        "rev": "e35dcc04a3853da485a396bdd332217d0ac9054f",
        "type": "github"
      },
      "original": {
        "owner": "NixOS",
        "ref": "nixos-unstable",
        "repo": "nixpkgs",
        "type": "github"
      }
    },
    "nixpkgs_2": {
      "locked": {
        "lastModified": 1696015959,
        "narHash": "sha256-5TQbN+sCwokUpwc8UDytrUd73KzVeQRPHekxAqw00U0=",
        "owner": "NixOS",
        "repo": "nixpkgs",
        "rev": "35fc5a6b76777e23f89961ea9d07b39e435d58bc",
        "type": "github"
      },
      "original": {
        "owner": "NixOS",
        "ref": "master",
        "repo": "nixpkgs",
        "type": "github"
      }
    },
    "root": {
      "inputs": {
        "home-manager": "home-manager",
        "nixpkgs": "nixpkgs_2"
      }
    }
  },
  "root": "root",
  "version": 7
}
